
Microsoft Visual Studio Solution File, Format Version 12.00
# Visual Studio 15
VisualStudioVersion = 15.0.27004.2010
MinimumVisualStudioVersion = 10.0.40219.1
Project("{9A19103F-16F7-4668-BE54-9A1E7A4F7556}") = "ReverseInteger", "VariousProblemsSolutions\ReverseInteger.csproj", "{B0FA251E-FE70-4A91-B924-7967B4931DD3}"
EndProject
Project("{9A19103F-16F7-4668-BE54-9A1E7A4F7556}") = "StringToInteger", "StringToInteger\StringToInteger.csproj", "{1D6441AC-BDB8-413C-BBBF-52C5E0265DCA}"
EndProject
Project("{9A19103F-16F7-4668-BE54-9A1E7A4F7556}") = "AddTwoNumbers", "AddTwoNumbers\AddTwoNumbers.csproj", "{094F3E67-57E9-4AF9-A365-5006CAE6EFD3}"
EndProject
Project("{9A19103F-16F7-4668-BE54-9A1E7A4F7556}") = "PalindromeNumber", "PalindromeNumber\PalindromeNumber.csproj", "{E4233E46-9B25-45C6-A89A-2B4D5C6C6DFF}"
EndProject
Project("{9A19103F-16F7-4668-BE54-9A1E7A4F7556}") = "RomanToInteger", "RomanToInteger\RomanToInteger.csproj", "{EC0352F2-2F64-4D1A-9095-F8987CFBC6E8}"
EndProject
Project("{9A19103F-16F7-4668-BE54-9A1E7A4F7556}") = "JudgeRouteCircle", "JudgeRouteCircle\JudgeRouteCircle.csproj", "{B7D540E4-006C-473E-ACED-3F73DDA83FFA}"
EndProject
Project("{FAE04EC0-301F-11D3-BF4B-00C04F79EFBC}") = "TwoSum", "TwoSum\TwoSum.csproj", "{BA820FA6-2994-412B-9546-4B739899F347}"
EndProject
Project("{FAE04EC0-301F-11D3-BF4B-00C04F79EFBC}") = "LongestSubstringWithoutRepeatingCharacters", "LongestSubstringWithoutRepeatingCharacters\LongestSubstringWithoutRepeatingCharacters.csproj", "{A2711EEA-3C92-4D92-8FF0-C9F1A940A491}"
EndProject
Project("{9A19103F-16F7-4668-BE54-9A1E7A4F7556}") = "LongestPalindromicSubstring", "LongestPalindromicSubstring\LongestPalindromicSubstring.csproj", "{E5BA0DBA-6CCC-4D02-AC5D-D367A9ADDD27}"
EndProject
Project("{9A19103F-16F7-4668-BE54-9A1E7A4F7556}") = "LongestCommonPrefix", "LongestCommonPrefix\LongestCommonPrefix.csproj", "{335A9202-260D-44EF-813D-DEF42B0EB0A0}"
EndProject
Project("{9A19103F-16F7-4668-BE54-9A1E7A4F7556}") = "ValidParentheses", "ValidParentheses\ValidParentheses.csproj", "{52834B29-A711-46EC-A106-4783263263D4}"
EndProject
Project("{FAE04EC0-301F-11D3-BF4B-00C04F79EFBC}") = "MergeTwoSortedLists", "MergeTwoSortedLists\MergeTwoSortedLists.csproj", "{CAB68B8E-AC80-4514-8F47-803CBE8CF8DD}"
EndProject
Project("{FAE04EC0-301F-11D3-BF4B-00C04F79EFBC}") = "RemoveDuplicatesFromSortedArray", "RemoveDuplicatesFromSortedArray\RemoveDuplicatesFromSortedArray.csproj", "{1C7E23B6-7507-4284-BB35-C978F58FFAF8}"
EndProject
Global
	GlobalSection(SolutionConfigurationPlatforms) = preSolution
		Debug|Any CPU = Debug|Any CPU
		Release|Any CPU = Release|Any CPU
	EndGlobalSection
	GlobalSection(ProjectConfigurationPlatforms) = postSolution
		{B0FA251E-FE70-4A91-B924-7967B4931DD3}.Debug|Any CPU.ActiveCfg = Debug|Any CPU
		{B0FA251E-FE70-4A91-B924-7967B4931DD3}.Debug|Any CPU.Build.0 = Debug|Any CPU
		{B0FA251E-FE70-4A91-B924-7967B4931DD3}.Release|Any CPU.ActiveCfg = Release|Any CPU
		{B0FA251E-FE70-4A91-B924-7967B4931DD3}.Release|Any CPU.Build.0 = Release|Any CPU
		{1D6441AC-BDB8-413C-BBBF-52C5E0265DCA}.Debug|Any CPU.ActiveCfg = Debug|Any CPU
		{1D6441AC-BDB8-413C-BBBF-52C5E0265DCA}.Debug|Any CPU.Build.0 = Debug|Any CPU
		{1D6441AC-BDB8-413C-BBBF-52C5E0265DCA}.Release|Any CPU.ActiveCfg = Release|Any CPU
		{1D6441AC-BDB8-413C-BBBF-52C5E0265DCA}.Release|Any CPU.Build.0 = Release|Any CPU
		{094F3E67-57E9-4AF9-A365-5006CAE6EFD3}.Debug|Any CPU.ActiveCfg = Debug|Any CPU
		{094F3E67-57E9-4AF9-A365-5006CAE6EFD3}.Debug|Any CPU.Build.0 = Debug|Any CPU
		{094F3E67-57E9-4AF9-A365-5006CAE6EFD3}.Release|Any CPU.ActiveCfg = Release|Any CPU
		{094F3E67-57E9-4AF9-A365-5006CAE6EFD3}.Release|Any CPU.Build.0 = Release|Any CPU
		{E4233E46-9B25-45C6-A89A-2B4D5C6C6DFF}.Debug|Any CPU.ActiveCfg = Debug|Any CPU
		{E4233E46-9B25-45C6-A89A-2B4D5C6C6DFF}.Debug|Any CPU.Build.0 = Debug|Any CPU
		{E4233E46-9B25-45C6-A89A-2B4D5C6C6DFF}.Release|Any CPU.ActiveCfg = Release|Any CPU
		{E4233E46-9B25-45C6-A89A-2B4D5C6C6DFF}.Release|Any CPU.Build.0 = Release|Any CPU
		{EC0352F2-2F64-4D1A-9095-F8987CFBC6E8}.Debug|Any CPU.ActiveCfg = Debug|Any CPU
		{EC0352F2-2F64-4D1A-9095-F8987CFBC6E8}.Debug|Any CPU.Build.0 = Debug|Any CPU
		{EC0352F2-2F64-4D1A-9095-F8987CFBC6E8}.Release|Any CPU.ActiveCfg = Release|Any CPU
		{EC0352F2-2F64-4D1A-9095-F8987CFBC6E8}.Release|Any CPU.Build.0 = Release|Any CPU
		{B7D540E4-006C-473E-ACED-3F73DDA83FFA}.Debug|Any CPU.ActiveCfg = Debug|Any CPU
		{B7D540E4-006C-473E-ACED-3F73DDA83FFA}.Debug|Any CPU.Build.0 = Debug|Any CPU
		{B7D540E4-006C-473E-ACED-3F73DDA83FFA}.Release|Any CPU.ActiveCfg = Release|Any CPU
		{B7D540E4-006C-473E-ACED-3F73DDA83FFA}.Release|Any CPU.Build.0 = Release|Any CPU
		{BA820FA6-2994-412B-9546-4B739899F347}.Debug|Any CPU.ActiveCfg = Debug|Any CPU
		{BA820FA6-2994-412B-9546-4B739899F347}.Debug|Any CPU.Build.0 = Debug|Any CPU
		{BA820FA6-2994-412B-9546-4B739899F347}.Release|Any CPU.ActiveCfg = Release|Any CPU
		{BA820FA6-2994-412B-9546-4B739899F347}.Release|Any CPU.Build.0 = Release|Any CPU
		{A2711EEA-3C92-4D92-8FF0-C9F1A940A491}.Debug|Any CPU.ActiveCfg = Debug|Any CPU
		{A2711EEA-3C92-4D92-8FF0-C9F1A940A491}.Debug|Any CPU.Build.0 = Debug|Any CPU
		{A2711EEA-3C92-4D92-8FF0-C9F1A940A491}.Release|Any CPU.ActiveCfg = Release|Any CPU
		{A2711EEA-3C92-4D92-8FF0-C9F1A940A491}.Release|Any CPU.Build.0 = Release|Any CPU
		{E5BA0DBA-6CCC-4D02-AC5D-D367A9ADDD27}.Debug|Any CPU.ActiveCfg = Debug|Any CPU
		{E5BA0DBA-6CCC-4D02-AC5D-D367A9ADDD27}.Debug|Any CPU.Build.0 = Debug|Any CPU
		{E5BA0DBA-6CCC-4D02-AC5D-D367A9ADDD27}.Release|Any CPU.ActiveCfg = Release|Any CPU
		{E5BA0DBA-6CCC-4D02-AC5D-D367A9ADDD27}.Release|Any CPU.Build.0 = Release|Any CPU
		{335A9202-260D-44EF-813D-DEF42B0EB0A0}.Debug|Any CPU.ActiveCfg = Debug|Any CPU
		{335A9202-260D-44EF-813D-DEF42B0EB0A0}.Debug|Any CPU.Build.0 = Debug|Any CPU
		{335A9202-260D-44EF-813D-DEF42B0EB0A0}.Release|Any CPU.ActiveCfg = Release|Any CPU
		{335A9202-260D-44EF-813D-DEF42B0EB0A0}.Release|Any CPU.Build.0 = Release|Any CPU
		{52834B29-A711-46EC-A106-4783263263D4}.Debug|Any CPU.ActiveCfg = Debug|Any CPU
		{52834B29-A711-46EC-A106-4783263263D4}.Debug|Any CPU.Build.0 = Debug|Any CPU
		{52834B29-A711-46EC-A106-4783263263D4}.Release|Any CPU.ActiveCfg = Release|Any CPU
		{52834B29-A711-46EC-A106-4783263263D4}.Release|Any CPU.Build.0 = Release|Any CPU
		{CAB68B8E-AC80-4514-8F47-803CBE8CF8DD}.Debug|Any CPU.ActiveCfg = Debug|Any CPU
		{CAB68B8E-AC80-4514-8F47-803CBE8CF8DD}.Debug|Any CPU.Build.0 = Debug|Any CPU
		{CAB68B8E-AC80-4514-8F47-803CBE8CF8DD}.Release|Any CPU.ActiveCfg = Release|Any CPU
		{CAB68B8E-AC80-4514-8F47-803CBE8CF8DD}.Release|Any CPU.Build.0 = Release|Any CPU
		{1C7E23B6-7507-4284-BB35-C978F58FFAF8}.Debug|Any CPU.ActiveCfg = Debug|Any CPU
		{1C7E23B6-7507-4284-BB35-C978F58FFAF8}.Debug|Any CPU.Build.0 = Debug|Any CPU
		{1C7E23B6-7507-4284-BB35-C978F58FFAF8}.Release|Any CPU.ActiveCfg = Release|Any CPU
		{1C7E23B6-7507-4284-BB35-C978F58FFAF8}.Release|Any CPU.Build.0 = Release|Any CPU
	EndGlobalSection
	GlobalSection(SolutionProperties) = preSolution
		HideSolutionNode = FALSE
	EndGlobalSection
	GlobalSection(ExtensibilityGlobals) = postSolution
		SolutionGuid = {237BE66A-DB14-4CEF-88BC-392401170D0A}
	EndGlobalSection
EndGlobal
